// !$*UTF8*$!
{
	archiveVersion = 1;
	classes = {
	};
	objectVersion = 46;
	objects = {

/* Begin PBXBuildFile section */
		BB372C8E1F4E678200A4B475 /* pentax.c in Sources */ = {isa = PBXBuildFile; fileRef = BB690FC81F4E64E300B621E6 /* pentax.c */; };
		BB690FB01F4E55BD00B621E6 /* main.c in Sources */ = {isa = PBXBuildFile; fileRef = BB690FAF1F4E55BD00B621E6 /* main.c */; };
		BB690FB81F4E56BE00B621E6 /* paramt.c in Sources */ = {isa = PBXBuildFile; fileRef = BB690FB61F4E56BD00B621E6 /* paramt.c */; };
/* End PBXBuildFile section */

/* Begin PBXCopyFilesBuildPhase section */
		BB690FAA1F4E55BD00B621E6 /* CopyFiles */ = {
			isa = PBXCopyFilesBuildPhase;
			buildActionMask = 2147483647;
			dstPath = /usr/share/man/man1/;
			dstSubfolderSpec = 0;
			files = (
			);
			runOnlyForDeploymentPostprocessing = 1;
		};
/* End PBXCopyFilesBuildPhase section */

/* Begin PBXFileReference section */
		BB690FAC1F4E55BD00B621E6 /* CTriangx */ = {isa = PBXFileReference; explicitFileType = "compiled.mach-o.executable"; includeInIndex = 0; path = CTriangx; sourceTree = BUILT_PRODUCTS_DIR; };
		BB690FAF1F4E55BD00B621E6 /* main.c */ = {isa = PBXFileReference; lastKnownFileType = sourcecode.c.c; path = main.c; sourceTree = "<group>"; };
		BB690FB61F4E56BD00B621E6 /* paramt.c */ = {isa = PBXFileReference; fileEncoding = 4; lastKnownFileType = sourcecode.c.c; path = paramt.c; sourceTree = "<group>"; };
		BB690FB71F4E56BE00B621E6 /* paramt.h */ = {isa = PBXFileReference; fileEncoding = 4; lastKnownFileType = sourcecode.c.h; path = paramt.h; sourceTree = "<group>"; };
		BB690FC81F4E64E300B621E6 /* pentax.c */ = {isa = PBXFileReference; fileEncoding = 4; lastKnownFileType = sourcecode.c.c; path = pentax.c; sourceTree = "<group>"; };
		BB690FC91F4E64E300B621E6 /* pentax.h */ = {isa = PBXFileReference; fileEncoding = 4; lastKnownFileType = sourcecode.c.h; path = pentax.h; sourceTree = "<group>"; };
/* End PBXFileReference section */

/* Begin PBXFrameworksBuildPhase section */
		BB690FA91F4E55BD00B621E6 /* Frameworks */ = {
			isa = PBXFrameworksBuildPhase;
			buildActionMask = 2147483647;
			files = (
			);
			runOnlyForDeploymentPostprocessing = 0;
		};
/* End PBXFrameworksBuildPhase section */

/* Begin PBXGroup section */
		BB690FA31F4E55BD00B621E6 = {
			isa = PBXGroup;
			children = (
				BB690FAE1F4E55BD00B621E6 /* CTriangx */,
				BB690FAD1F4E55BD00B621E6 /* Products */,
			);
			sourceTree = "<group>";
		};
		BB690FAD1F4E55BD00B621E6 /* Products */ = {
			isa = PBXGroup;
			children = (
				BB690FAC1F4E55BD00B621E6 /* CTriangx */,
			);
			name = Products;
			sourceTree = "<group>";
		};
		BB690FAE1F4E55BD00B621E6 /* CTriangx */ = {
			isa = PBXGroup;
			children = (
				BB690FAF1F4E55BD00B621E6 /* main.c */,
				BB690FB61F4E56BD00B621E6 /* paramt.c */,
				BB690FC81F4E64E300B621E6 /* pentax.c */,
				BB690FC91F4E64E300B621E6 /* pentax.h */,
				BB690FB71F4E56BE00B621E6 /* paramt.h */,
			);
			path = CTriangx;
			sourceTree = "<group>";
		};
/* End PBXGroup section */

/* Begin PBXNativeTarget section */
		BB690FAB1F4E55BD00B621E6 /* CTriangx */ = {
			isa = PBXNativeTarget;
			buildConfigurationList = BB690FB31F4E55BD00B621E6 /* Build configuration list for PBXNativeTarget "CTriangx" */;
			buildPhases = (
				BB690FA81F4E55BD00B621E6 /* Sources */,
				BB690FA91F4E55BD00B621E6 /* Frameworks */,
				BB690FAA1F4E55BD00B621E6 /* CopyFiles */,
			);
			buildRules = (
			);
			dependencies = (
			);
			name = CTriangx;
			productName = CTriangx;
			productReference = BB690FAC1F4E55BD00B621E6 /* CTriangx */;
			productType = "com.apple.product-type.tool";
		};
/* End PBXNativeTarget section */

/* Begin PBXProject section */
		BB690FA41F4E55BD00B621E6 /* Project object */ = {
			isa = PBXProject;
			attributes = {
				LastUpgradeCheck = 0720;
				ORGANIZATIONNAME = SaitaSatoko;
				TargetAttributes = {
					BB690FAB1F4E55BD00B621E6 = {
						CreatedOnToolsVersion = 7.2;
					};
				};
			};
			buildConfigurationList = BB690FA71F4E55BD00B621E6 /* Build configuration list for PBXProject "CTriangx" */;
			compatibilityVersion = "Xcode 3.2";
			developmentRegion = English;
			hasScannedForEncodings = 0;
			knownRegions = (
				en,
			);
			mainGroup = BB690FA31F4E55BD00B621E6;
			productRefGroup = BB690FAD1F4E55BD00B621E6 /* Products */;
			projectDirPath = "";
			projectRoot = "";
			targets = (
				BB690FAB1F4E55BD00B621E6 /* CTriangx */,
			);
		};
/* End PBXProject section */

/* Begin PBXSourcesBuildPhase section */
		BB690FA81F4E55BD00B621E6 /* Sources */ = {
			isa = PBXSourcesBuildPhase;
			buildActionMask = 2147483647;
			files = (
				BB372C8E1F4E678200A4B475 /* pentax.c in Sources */,
				BB690FB81F4E56BE00B621E6 /* paramt.c in Sources */,
				BB690FB01F4E55BD00B621E6 /* main.c in Sources */,
			);
			runOnlyForDeploymentPostprocessing = 0;
		};
/* End PBXSourcesBuildPhase section */

/* Begin XCBuildConfiguration section */
		BB690FB11F4E55BD00B621E6 /* Debug */ = {
			isa = XCBuildConfiguration;
			buildSettings = {
				ALWAYS_SEARCH_USER_PATHS = NO;
				CLANG_CXX_LANGUAGE_STANDARD = "gnu++0x";
				CLANG_CXX_LIBRARY = "libc++";
				CLANG_ENABLE_MODULES = YES;
				CLANG_ENABLE_OBJC_ARC = YES;
				CLANG_WARN_BOOL_CONVERSION = YES;
				CLANG_WARN_CONSTANT_CONVERSION = YES;
				CLANG_WARN_DIRECT_OBJC_ISA_USAGE = YES_ERROR;
				CLANG_WARN_EMPTY_BODY = YES;
				CLANG_WARN_ENUM_CONVERSION = YES;
				CLANG_WARN_INT_CONVERSION = YES;
				CLANG_WARN_OBJC_ROOT_CLASS = YES_ERROR;
				CLANG_WARN_UNREACHABLE_CODE = YES;
				CLANG_WARN__DUPLICATE_METHOD_MATCH = YES;
				CODE_SIGN_IDENTITY = "-";
				COPY_PHASE_STRIP = NO;
				DEBUG_INFORMATION_FORMAT = dwarf;
				ENABLE_STRICT_OBJC_MSGSEND = YES;
				ENABLE_TESTABILITY = YES;
				GCC_C_LANGUAGE_STANDARD = gnu99;
				GCC_DYNAMIC_NO_PIC = NO;
				GCC_NO_COMMON_BLOCKS = YES;
				GCC_OPTIMIZATION_LEVEL = 0;
				GCC_PREPROCESSOR_DEFINITIONS = (
					"DEBUG=1",
					"$(inherited)",
				);
				GCC_WARN_64_TO_32_BIT_CONVERSION = YES;
				GCC_WARN_ABOUT_RETURN_TYPE = YES_ERROR;
				GCC_WARN_UNDECLARED_SELECTOR = YES;
				GCC_WARN_UNINITIALIZED_AUTOS = YES_AGGRESSIVE;
				GCC_WARN_UNUSED_FUNCTION = YES;
				GCC_WARN_UNUSED_VARIABLE = YES;
				MACOSX_DEPLOYMENT_TARGET = 10.10;
				MTL_ENABLE_DEBUG_INFO = YES;
				ONLY_ACTIVE_ARCH = YES;
				SDKROOT = macosx;
			};
			name = Debug;
		};
		BB690FB21F4E55BD00B621E6 /* Release */ = {
			isa = XCBuildConfiguration;
			buildSettings = {
				ALWAYS_SEARCH_USER_PATHS = NO;
				CLANG_CXX_LANGUAGE_STANDARD = "gnu++0x";
				CLANG_CXX_LIBRARY = "libc++";
				CLANG_ENABLE_MODULES = YES;
				CLANG_ENABLE_OBJC_ARC = YES;
				CLANG_WARN_BOOL_CONVERSION = YES;
				CLANG_WARN_CONSTANT_CONVERSION = YES;
				CLANG_WARN_DIRECT_OBJC_ISA_USAGE = YES_ERROR;
				CLANG_WARN_EMPTY_BODY = YES;
				CLANG_WARN_ENUM_CONVERSION = YES;
				CLANG_WARN_INT_CONVERSION = YES;
				CLANG_WARN_OBJC_ROOT_CLASS = YES_ERROR;
				CLANG_WARN_UNREACHABLE_CODE = YES;
				CLANG_WARN__DUPLICATE_METHOD_MATCH = YES;
				CODE_SIGN_IDENTITY = "-";
				COPY_PHASE_STRIP = NO;
				DEBUG_INFORMATION_FORMAT = "dwarf-with-dsym";
				ENABLE_NS_ASSERTIONS = NO;
				ENABLE_STRICT_OBJC_MSGSEND = YES;
				GCC_C_LANGUAGE_STANDARD = gnu99;
				GCC_NO_COMMON_BLOCKS = YES;
				GCC_WARN_64_TO_32_BIT_CONVERSION = YES;
				GCC_WARN_ABOUT_RETURN_TYPE = YES_ERROR;
				GCC_WARN_UNDECLARED_SELECTOR = YES;
				GCC_WARN_UNINITIALIZED_AUTOS = YES_AGGRESSIVE;
				GCC_WARN_UNUSED_FUNCTION = YES;
				GCC_WARN_UNUSED_VARIABLE = YES;
				MACOSX_DEPLOYMENT_TARGET = 10.10;
				MTL_ENABLE_DEBUG_INFO = NO;
				SDKROOT = macosx;
			};
			name = Release;
		};
		BB690FB41F4E55BD00B621E6 /* Debug */ = {
			isa = XCBuildConfiguration;
			buildSettings = {
				PRODUCT_NAME = "$(TARGET_NAME)";
			};
			name = Debug;
		};
		BB690FB51F4E55BD00B621E6 /* Release */ = {
			isa = XCBuildConfiguration;
			buildSettings = {
				PRODUCT_NAME = "$(TARGET_NAME)";
			};
			name = Release;
		};
/* End XCBuildConfiguration section */

/* Begin XCConfigurationList section */
		BB690FA71F4E55BD00B621E6 /* Build configuration list for PBXProject "CTriangx" */ = {
			isa = XCConfigurationList;
			buildConfigurations = (
				BB690FB11F4E55BD00B621E6 /* Debug */,
				BB690FB21F4E55BD00B621E6 /* Release */,
			);
			defaultConfigurationIsVisible = 0;
			defaultConfigurationName = Release;
		};
		BB690FB31F4E55BD00B621E6 /* Build configuration list for PBXNativeTarget "CTriangx" */ = {
			isa = XCConfigurationList;
			buildConfigurations = (
				BB690FB41F4E55BD00B621E6 /* Debug */,
				BB690FB51F4E55BD00B621E6 /* Release */,
			);
			defaultConfigurationIsVisible = 0;
			defaultConfigurationName = Release;
		};
/* End XCConfigurationList section */
	};
	rootObject = BB690FA41F4E55BD00B621E6 /* Project object */;
}
